
Microsoft Visual Studio Solution File, Format Version 12.00
# Visual Studio 15
VisualStudioVersion = 15.0.26228.9
MinimumVisualStudioVersion = 10.0.40219.1
Project("{FAE04EC0-301F-11D3-BF4B-00C04F79EFBC}") = "history.api", "history.api\history.api.csproj", "{480843A8-2072-4DFC-9966-466F023B4094}"
EndProject
Global
	GlobalSection(SolutionConfigurationPlatforms) = preSolution
		Debug|Any CPU = Debug|Any CPU
		Release|Any CPU = Release|Any CPU
	EndGlobalSection
	GlobalSection(ProjectConfigurationPlatforms) = postSolution
		{480843A8-2072-4DFC-9966-466F023B4094}.Debug|Any CPU.ActiveCfg = Debug|Any CPU
		{480843A8-2072-4DFC-9966-466F023B4094}.Debug|Any CPU.Build.0 = Debug|Any CPU
		{480843A8-2072-4DFC-9966-466F023B4094}.Release|Any CPU.ActiveCfg = Release|Any CPU
		{480843A8-2072-4DFC-9966-466F023B4094}.Release|Any CPU.Build.0 = Release|Any CPU
	EndGlobalSection
	GlobalSection(SolutionProperties) = preSolution
		HideSolutionNode = FALSE
	EndGlobalSection
EndGlobal
